// !$*UTF8*$!
{
	archiveVersion = 1;
	classes = {
	};
	objectVersion = 46;
	objects = {

/* Begin PBXBuildFile section */
		10B64C0B1E4640CB00203CEB /* AppDelegate.swift in Sources */ = {isa = PBXBuildFile; fileRef = 10B64C0A1E4640CB00203CEB /* AppDelegate.swift */; };
		10B64C0D1E4640CB00203CEB /* ViewController.swift in Sources */ = {isa = PBXBuildFile; fileRef = 10B64C0C1E4640CB00203CEB /* ViewController.swift */; };
		10B64C101E4640CB00203CEB /* Main.storyboard in Resources */ = {isa = PBXBuildFile; fileRef = 10B64C0E1E4640CB00203CEB /* Main.storyboard */; };
		10B64C121E4640CB00203CEB /* Assets.xcassets in Resources */ = {isa = PBXBuildFile; fileRef = 10B64C111E4640CB00203CEB /* Assets.xcassets */; };
		10B64C151E4640CB00203CEB /* LaunchScreen.storyboard in Resources */ = {isa = PBXBuildFile; fileRef = 10B64C131E4640CB00203CEB /* LaunchScreen.storyboard */; };
/* End PBXBuildFile section */

/* Begin PBXFileReference section */
		10B64C071E4640CB00203CEB /* Lecture9URLRequest.app */ = {isa = PBXFileReference; explicitFileType = wrapper.application; includeInIndex = 0; path = Lecture9URLRequest.app; sourceTree = BUILT_PRODUCTS_DIR; };
		10B64C0A1E4640CB00203CEB /* AppDelegate.swift */ = {isa = PBXFileReference; lastKnownFileType = sourcecode.swift; path = AppDelegate.swift; sourceTree = "<group>"; };
		10B64C0C1E4640CB00203CEB /* ViewController.swift */ = {isa = PBXFileReference; lastKnownFileType = sourcecode.swift; path = ViewController.swift; sourceTree = "<group>"; };
		10B64C0F1E4640CB00203CEB /* Base */ = {isa = PBXFileReference; lastKnownFileType = file.storyboard; name = Base; path = Base.lproj/Main.storyboard; sourceTree = "<group>"; };
		10B64C111E4640CB00203CEB /* Assets.xcassets */ = {isa = PBXFileReference; lastKnownFileType = folder.assetcatalog; path = Assets.xcassets; sourceTree = "<group>"; };
		10B64C141E4640CB00203CEB /* Base */ = {isa = PBXFileReference; lastKnownFileType = file.storyboard; name = Base; path = Base.lproj/LaunchScreen.storyboard; sourceTree = "<group>"; };
		10B64C161E4640CB00203CEB /* Info.plist */ = {isa = PBXFileReference; lastKnownFileType = text.plist.xml; path = Info.plist; sourceTree = "<group>"; };
/* End PBXFileReference section */

/* Begin PBXFrameworksBuildPhase section */
		10B64C041E4640CB00203CEB /* Frameworks */ = {
			isa = PBXFrameworksBuildPhase;
			buildActionMask = 2147483647;
			files = (
			);
			runOnlyForDeploymentPostprocessing = 0;
		};
/* End PBXFrameworksBuildPhase section */

/* Begin PBXGroup section */
		10B64BFE1E4640CB00203CEB = {
			isa = PBXGroup;
			children = (
				10B64C091E4640CB00203CEB /* Lecture9URLRequest */,
				10B64C081E4640CB00203CEB /* Products */,
			);
			sourceTree = "<group>";
		};
		10B64C081E4640CB00203CEB /* Products */ = {
			isa = PBXGroup;
			children = (
				10B64C071E4640CB00203CEB /* Lecture9URLRequest.app */,
			);
			name = Products;
			sourceTree = "<group>";
		};
		10B64C091E4640CB00203CEB /* Lecture9URLRequest */ = {
			isa = PBXGroup;
			children = (
				10B64C0A1E4640CB00203CEB /* AppDelegate.swift */,
				10B64C0C1E4640CB00203CEB /* ViewController.swift */,
				10B64C0E1E4640CB00203CEB /* Main.storyboard */,
				10B64C111E4640CB00203CEB /* Assets.xcassets */,
				10B64C131E4640CB00203CEB /* LaunchScreen.storyboard */,
				10B64C161E4640CB00203CEB /* Info.plist */,
			);
			path = Lecture9URLRequest;
			sourceTree = "<group>";
		};
/* End PBXGroup section */

/* Begin PBXNativeTarget section */
		10B64C061E4640CB00203CEB /* Lecture9URLRequest */ = {
			isa = PBXNativeTarget;
			buildConfigurationList = 10B64C191E4640CB00203CEB /* Build configuration list for PBXNativeTarget "Lecture9URLRequest" */;
			buildPhases = (
				10B64C031E4640CB00203CEB /* Sources */,
				10B64C041E4640CB00203CEB /* Frameworks */,
				10B64C051E4640CB00203CEB /* Resources */,
			);
			buildRules = (
			);
			dependencies = (
			);
			name = Lecture9URLRequest;
			productName = Lecture9URLRequest;
			productReference = 10B64C071E4640CB00203CEB /* Lecture9URLRequest.app */;
			productType = "com.apple.product-type.application";
		};
/* End PBXNativeTarget section */

/* Begin PBXProject section */
		10B64BFF1E4640CB00203CEB /* Project object */ = {
			isa = PBXProject;
			attributes = {
				LastSwiftUpdateCheck = 0820;
				LastUpgradeCheck = 0820;
				ORGANIZATIONNAME = "Martin Kuvandzhiev";
				TargetAttributes = {
					10B64C061E4640CB00203CEB = {
						CreatedOnToolsVersion = 8.2.1;
						DevelopmentTeam = P6Y2W9RQ54;
						ProvisioningStyle = Automatic;
					};
				};
			};
			buildConfigurationList = 10B64C021E4640CB00203CEB /* Build configuration list for PBXProject "Lecture9URLRequest" */;
			compatibilityVersion = "Xcode 3.2";
			developmentRegion = English;
			hasScannedForEncodings = 0;
			knownRegions = (
				en,
				Base,
			);
			mainGroup = 10B64BFE1E4640CB00203CEB;
			productRefGroup = 10B64C081E4640CB00203CEB /* Products */;
			projectDirPath = "";
			projectRoot = "";
			targets = (
				10B64C061E4640CB00203CEB /* Lecture9URLRequest */,
			);
		};
/* End PBXProject section */

/* Begin PBXResourcesBuildPhase section */
		10B64C051E4640CB00203CEB /* Resources */ = {
			isa = PBXResourcesBuildPhase;
			buildActionMask = 2147483647;
			files = (
				10B64C151E4640CB00203CEB /* LaunchScreen.storyboard in Resources */,
				10B64C121E4640CB00203CEB /* Assets.xcassets in Resources */,
				10B64C101E4640CB00203CEB /* Main.storyboard in Resources */,
			);
			runOnlyForDeploymentPostprocessing = 0;
		};
/* End PBXResourcesBuildPhase section */

/* Begin PBXSourcesBuildPhase section */
		10B64C031E4640CB00203CEB /* Sources */ = {
			isa = PBXSourcesBuildPhase;
			buildActionMask = 2147483647;
			files = (
				10B64C0D1E4640CB00203CEB /* ViewController.swift in Sources */,
				10B64C0B1E4640CB00203CEB /* AppDelegate.swift in Sources */,
			);
			runOnlyForDeploymentPostprocessing = 0;
		};
/* End PBXSourcesBuildPhase section */

/* Begin PBXVariantGroup section */
		10B64C0E1E4640CB00203CEB /* Main.storyboard */ = {
			isa = PBXVariantGroup;
			children = (
				10B64C0F1E4640CB00203CEB /* Base */,
			);
			name = Main.storyboard;
			sourceTree = "<group>";
		};
		10B64C131E4640CB00203CEB /* LaunchScreen.storyboard */ = {
			isa = PBXVariantGroup;
			children = (
				10B64C141E4640CB00203CEB /* Base */,
			);
			name = LaunchScreen.storyboard;
			sourceTree = "<group>";
		};
/* End PBXVariantGroup section */

/* Begin XCBuildConfiguration section */
		10B64C171E4640CB00203CEB /* Debug */ = {
			isa = XCBuildConfiguration;
			buildSettings = {
				ALWAYS_SEARCH_USER_PATHS = NO;
				CLANG_ANALYZER_NONNULL = YES;
				CLANG_CXX_LANGUAGE_STANDARD = "gnu++0x";
				CLANG_CXX_LIBRARY = "libc++";
				CLANG_ENABLE_MODULES = YES;
				CLANG_ENABLE_OBJC_ARC = YES;
				CLANG_WARN_BOOL_CONVERSION = YES;
				CLANG_WARN_CONSTANT_CONVERSION = YES;
				CLANG_WARN_DIRECT_OBJC_ISA_USAGE = YES_ERROR;
				CLANG_WARN_DOCUMENTATION_COMMENTS = YES;
				CLANG_WARN_EMPTY_BODY = YES;
				CLANG_WARN_ENUM_CONVERSION = YES;
				CLANG_WARN_INFINITE_RECURSION = YES;
				CLANG_WARN_INT_CONVERSION = YES;
				CLANG_WARN_OBJC_ROOT_CLASS = YES_ERROR;
				CLANG_WARN_SUSPICIOUS_MOVE = YES;
				CLANG_WARN_UNREACHABLE_CODE = YES;
				CLANG_WARN__DUPLICATE_METHOD_MATCH = YES;
				"CODE_SIGN_IDENTITY[sdk=iphoneos*]" = "iPhone Developer";
				COPY_PHASE_STRIP = NO;
				DEBUG_INFORMATION_FORMAT = dwarf;
				ENABLE_STRICT_OBJC_MSGSEND = YES;
				ENABLE_TESTABILITY = YES;
				GCC_C_LANGUAGE_STANDARD = gnu99;
				GCC_DYNAMIC_NO_PIC = NO;
				GCC_NO_COMMON_BLOCKS = YES;
				GCC_OPTIMIZATION_LEVEL = 0;
				GCC_PREPROCESSOR_DEFINITIONS = (
					"DEBUG=1",
					"$(inherited)",
				);
				GCC_WARN_64_TO_32_BIT_CONVERSION = YES;
				GCC_WARN_ABOUT_RETURN_TYPE = YES_ERROR;
				GCC_WARN_UNDECLARED_SELECTOR = YES;
				GCC_WARN_UNINITIALIZED_AUTOS = YES_AGGRESSIVE;
				GCC_WARN_UNUSED_FUNCTION = YES;
				GCC_WARN_UNUSED_VARIABLE = YES;
				IPHONEOS_DEPLOYMENT_TARGET = 10.2;
				MTL_ENABLE_DEBUG_INFO = YES;
				ONLY_ACTIVE_ARCH = YES;
				SDKROOT = iphoneos;
				SWIFT_ACTIVE_COMPILATION_CONDITIONS = DEBUG;
				SWIFT_OPTIMIZATION_LEVEL = "-Onone";
				TARGETED_DEVICE_FAMILY = "1,2";
			};
			name = Debug;
		};
		10B64C181E4640CB00203CEB /* Release */ = {
			isa = XCBuildConfiguration;
			buildSettings = {
				ALWAYS_SEARCH_USER_PATHS = NO;
				CLANG_ANALYZER_NONNULL = YES;
				CLANG_CXX_LANGUAGE_STANDARD = "gnu++0x";
				CLANG_CXX_LIBRARY = "libc++";
				CLANG_ENABLE_MODULES = YES;
				CLANG_ENABLE_OBJC_ARC = YES;
				CLANG_WARN_BOOL_CONVERSION = YES;
				CLANG_WARN_CONSTANT_CONVERSION = YES;
				CLANG_WARN_DIRECT_OBJC_ISA_USAGE = YES_ERROR;
				CLANG_WARN_DOCUMENTATION_COMMENTS = YES;
				CLANG_WARN_EMPTY_BODY = YES;
				CLANG_WARN_ENUM_CONVERSION = YES;
				CLANG_WARN_INFINITE_RECURSION = YES;
				CLANG_WARN_INT_CONVERSION = YES;
				CLANG_WARN_OBJC_ROOT_CLASS = YES_ERROR;
				CLANG_WARN_SUSPICIOUS_MOVE = YES;
				CLANG_WARN_UNREACHABLE_CODE = YES;
				CLANG_WARN__DUPLICATE_METHOD_MATCH = YES;
				"CODE_SIGN_IDENTITY[sdk=iphoneos*]" = "iPhone Developer";
				COPY_PHASE_STRIP = NO;
				DEBUG_INFORMATION_FORMAT = "dwarf-with-dsym";
				ENABLE_NS_ASSERTIONS = NO;
				ENABLE_STRICT_OBJC_MSGSEND = YES;
				GCC_C_LANGUAGE_STANDARD = gnu99;
				GCC_NO_COMMON_BLOCKS = YES;
				GCC_WARN_64_TO_32_BIT_CONVERSION = YES;
				GCC_WARN_ABOUT_RETURN_TYPE = YES_ERROR;
				GCC_WARN_UNDECLARED_SELECTOR = YES;
				GCC_WARN_UNINITIALIZED_AUTOS = YES_AGGRESSIVE;
				GCC_WARN_UNUSED_FUNCTION = YES;
				GCC_WARN_UNUSED_VARIABLE = YES;
				IPHONEOS_DEPLOYMENT_TARGET = 10.2;
				MTL_ENABLE_DEBUG_INFO = NO;
				SDKROOT = iphoneos;
				SWIFT_OPTIMIZATION_LEVEL = "-Owholemodule";
				TARGETED_DEVICE_FAMILY = "1,2";
				VALIDATE_PRODUCT = YES;
			};
			name = Release;
		};
		10B64C1A1E4640CB00203CEB /* Debug */ = {
			isa = XCBuildConfiguration;
			buildSettings = {
				ASSETCATALOG_COMPILER_APPICON_NAME = AppIcon;
				DEVELOPMENT_TEAM = P6Y2W9RQ54;
				INFOPLIST_FILE = Lecture9URLRequest/Info.plist;
				LD_RUNPATH_SEARCH_PATHS = "$(inherited) @executable_path/Frameworks";
				PRODUCT_BUNDLE_IDENTIFIER = Noobs.Inc.Lecture9URLRequest;
				PRODUCT_NAME = "$(TARGET_NAME)";
				SWIFT_VERSION = 3.0;
			};
			name = Debug;
		};
		10B64C1B1E4640CB00203CEB /* Release */ = {
			isa = XCBuildConfiguration;
			buildSettings = {
				ASSETCATALOG_COMPILER_APPICON_NAME = AppIcon;
				DEVELOPMENT_TEAM = P6Y2W9RQ54;
				INFOPLIST_FILE = Lecture9URLRequest/Info.plist;
				LD_RUNPATH_SEARCH_PATHS = "$(inherited) @executable_path/Frameworks";
				PRODUCT_BUNDLE_IDENTIFIER = Noobs.Inc.Lecture9URLRequest;
				PRODUCT_NAME = "$(TARGET_NAME)";
				SWIFT_VERSION = 3.0;
			};
			name = Release;
		};
/* End XCBuildConfiguration section */

/* Begin XCConfigurationList section */
		10B64C021E4640CB00203CEB /* Build configuration list for PBXProject "Lecture9URLRequest" */ = {
			isa = XCConfigurationList;
			buildConfigurations = (
				10B64C171E4640CB00203CEB /* Debug */,
				10B64C181E4640CB00203CEB /* Release */,
			);
			defaultConfigurationIsVisible = 0;
			defaultConfigurationName = Release;
		};
		10B64C191E4640CB00203CEB /* Build configuration list for PBXNativeTarget "Lecture9URLRequest" */ = {
			isa = XCConfigurationList;
			buildConfigurations = (
				10B64C1A1E4640CB00203CEB /* Debug */,
				10B64C1B1E4640CB00203CEB /* Release */,
			);
			defaultConfigurationIsVisible = 0;
		};
/* End XCConfigurationList section */
	};
	rootObject = 10B64BFF1E4640CB00203CEB /* Project object */;
}
