// !$*UTF8*$!
{
	archiveVersion = 1;
	classes = {
	};
	objectVersion = 46;
	objects = {

/* Begin PBXBuildFile section */
		109C18D41E3D0F9400533970 /* FacebookImage.jpg in Resources */ = {isa = PBXBuildFile; fileRef = 109C18D31E3D0F9300533970 /* FacebookImage.jpg */; };
		109C18D61E3D100400533970 /* MessengerTableViewController.swift in Sources */ = {isa = PBXBuildFile; fileRef = 109C18D51E3D100300533970 /* MessengerTableViewController.swift */; };
		109C18D81E3D101900533970 /* MessangerTableViewCell.swift in Sources */ = {isa = PBXBuildFile; fileRef = 109C18D71E3D101900533970 /* MessangerTableViewCell.swift */; };
		10F5EDEA1E3D0DA80017CE30 /* AppDelegate.swift in Sources */ = {isa = PBXBuildFile; fileRef = 10F5EDE91E3D0DA80017CE30 /* AppDelegate.swift */; };
		10F5EDEF1E3D0DA80017CE30 /* Main.storyboard in Resources */ = {isa = PBXBuildFile; fileRef = 10F5EDED1E3D0DA80017CE30 /* Main.storyboard */; };
		10F5EDF11E3D0DA80017CE30 /* Assets.xcassets in Resources */ = {isa = PBXBuildFile; fileRef = 10F5EDF01E3D0DA80017CE30 /* Assets.xcassets */; };
		10F5EDF41E3D0DA80017CE30 /* LaunchScreen.storyboard in Resources */ = {isa = PBXBuildFile; fileRef = 10F5EDF21E3D0DA80017CE30 /* LaunchScreen.storyboard */; };
/* End PBXBuildFile section */

/* Begin PBXFileReference section */
		109C18D31E3D0F9300533970 /* FacebookImage.jpg */ = {isa = PBXFileReference; lastKnownFileType = image.jpeg; path = FacebookImage.jpg; sourceTree = "<group>"; };
		109C18D51E3D100300533970 /* MessengerTableViewController.swift */ = {isa = PBXFileReference; fileEncoding = 4; lastKnownFileType = sourcecode.swift; name = MessengerTableViewController.swift; path = ../MessengerTableViewController.swift; sourceTree = "<group>"; };
		109C18D71E3D101900533970 /* MessangerTableViewCell.swift */ = {isa = PBXFileReference; fileEncoding = 4; lastKnownFileType = sourcecode.swift; path = MessangerTableViewCell.swift; sourceTree = "<group>"; };
		109F3F851E3D1ACA0082E5F7 /* MyPlayground.playground */ = {isa = PBXFileReference; lastKnownFileType = file.playground; path = MyPlayground.playground; sourceTree = "<group>"; };
		10F5EDE61E3D0DA80017CE30 /* FacebookMessangerUI.app */ = {isa = PBXFileReference; explicitFileType = wrapper.application; includeInIndex = 0; path = FacebookMessangerUI.app; sourceTree = BUILT_PRODUCTS_DIR; };
		10F5EDE91E3D0DA80017CE30 /* AppDelegate.swift */ = {isa = PBXFileReference; lastKnownFileType = sourcecode.swift; path = AppDelegate.swift; sourceTree = "<group>"; };
		10F5EDEE1E3D0DA80017CE30 /* Base */ = {isa = PBXFileReference; lastKnownFileType = file.storyboard; name = Base; path = Base.lproj/Main.storyboard; sourceTree = "<group>"; };
		10F5EDF01E3D0DA80017CE30 /* Assets.xcassets */ = {isa = PBXFileReference; lastKnownFileType = folder.assetcatalog; path = Assets.xcassets; sourceTree = "<group>"; };
		10F5EDF31E3D0DA80017CE30 /* Base */ = {isa = PBXFileReference; lastKnownFileType = file.storyboard; name = Base; path = Base.lproj/LaunchScreen.storyboard; sourceTree = "<group>"; };
		10F5EDF51E3D0DA80017CE30 /* Info.plist */ = {isa = PBXFileReference; lastKnownFileType = text.plist.xml; path = Info.plist; sourceTree = "<group>"; };
/* End PBXFileReference section */

/* Begin PBXFrameworksBuildPhase section */
		10F5EDE31E3D0DA80017CE30 /* Frameworks */ = {
			isa = PBXFrameworksBuildPhase;
			buildActionMask = 2147483647;
			files = (
			);
			runOnlyForDeploymentPostprocessing = 0;
		};
/* End PBXFrameworksBuildPhase section */

/* Begin PBXGroup section */
		10F5EDDD1E3D0DA80017CE30 = {
			isa = PBXGroup;
			children = (
				10F5EDE81E3D0DA80017CE30 /* FacebookMessangerUI */,
				10F5EDE71E3D0DA80017CE30 /* Products */,
			);
			sourceTree = "<group>";
		};
		10F5EDE71E3D0DA80017CE30 /* Products */ = {
			isa = PBXGroup;
			children = (
				10F5EDE61E3D0DA80017CE30 /* FacebookMessangerUI.app */,
			);
			name = Products;
			sourceTree = "<group>";
		};
		10F5EDE81E3D0DA80017CE30 /* FacebookMessangerUI */ = {
			isa = PBXGroup;
			children = (
				109F3F851E3D1ACA0082E5F7 /* MyPlayground.playground */,
				10F5EDE91E3D0DA80017CE30 /* AppDelegate.swift */,
				109C18D51E3D100300533970 /* MessengerTableViewController.swift */,
				109C18D71E3D101900533970 /* MessangerTableViewCell.swift */,
				10F5EDED1E3D0DA80017CE30 /* Main.storyboard */,
				10F5EDF01E3D0DA80017CE30 /* Assets.xcassets */,
				109C18D31E3D0F9300533970 /* FacebookImage.jpg */,
				10F5EDF21E3D0DA80017CE30 /* LaunchScreen.storyboard */,
				10F5EDF51E3D0DA80017CE30 /* Info.plist */,
			);
			path = FacebookMessangerUI;
			sourceTree = "<group>";
		};
/* End PBXGroup section */

/* Begin PBXNativeTarget section */
		10F5EDE51E3D0DA80017CE30 /* FacebookMessangerUI */ = {
			isa = PBXNativeTarget;
			buildConfigurationList = 10F5EDF81E3D0DA80017CE30 /* Build configuration list for PBXNativeTarget "FacebookMessangerUI" */;
			buildPhases = (
				10F5EDE21E3D0DA80017CE30 /* Sources */,
				10F5EDE31E3D0DA80017CE30 /* Frameworks */,
				10F5EDE41E3D0DA80017CE30 /* Resources */,
			);
			buildRules = (
			);
			dependencies = (
			);
			name = FacebookMessangerUI;
			productName = FacebookMessangerUI;
			productReference = 10F5EDE61E3D0DA80017CE30 /* FacebookMessangerUI.app */;
			productType = "com.apple.product-type.application";
		};
/* End PBXNativeTarget section */

/* Begin PBXProject section */
		10F5EDDE1E3D0DA80017CE30 /* Project object */ = {
			isa = PBXProject;
			attributes = {
				LastSwiftUpdateCheck = 0820;
				LastUpgradeCheck = 0820;
				ORGANIZATIONNAME = "Martin Kuvandzhiev";
				TargetAttributes = {
					10F5EDE51E3D0DA80017CE30 = {
						CreatedOnToolsVersion = 8.2.1;
						DevelopmentTeam = P6Y2W9RQ54;
						ProvisioningStyle = Automatic;
					};
				};
			};
			buildConfigurationList = 10F5EDE11E3D0DA80017CE30 /* Build configuration list for PBXProject "FacebookMessangerUI" */;
			compatibilityVersion = "Xcode 3.2";
			developmentRegion = English;
			hasScannedForEncodings = 0;
			knownRegions = (
				en,
				Base,
			);
			mainGroup = 10F5EDDD1E3D0DA80017CE30;
			productRefGroup = 10F5EDE71E3D0DA80017CE30 /* Products */;
			projectDirPath = "";
			projectRoot = "";
			targets = (
				10F5EDE51E3D0DA80017CE30 /* FacebookMessangerUI */,
			);
		};
/* End PBXProject section */

/* Begin PBXResourcesBuildPhase section */
		10F5EDE41E3D0DA80017CE30 /* Resources */ = {
			isa = PBXResourcesBuildPhase;
			buildActionMask = 2147483647;
			files = (
				10F5EDF41E3D0DA80017CE30 /* LaunchScreen.storyboard in Resources */,
				10F5EDF11E3D0DA80017CE30 /* Assets.xcassets in Resources */,
				10F5EDEF1E3D0DA80017CE30 /* Main.storyboard in Resources */,
				109C18D41E3D0F9400533970 /* FacebookImage.jpg in Resources */,
			);
			runOnlyForDeploymentPostprocessing = 0;
		};
/* End PBXResourcesBuildPhase section */

/* Begin PBXSourcesBuildPhase section */
		10F5EDE21E3D0DA80017CE30 /* Sources */ = {
			isa = PBXSourcesBuildPhase;
			buildActionMask = 2147483647;
			files = (
				10F5EDEA1E3D0DA80017CE30 /* AppDelegate.swift in Sources */,
				109C18D81E3D101900533970 /* MessangerTableViewCell.swift in Sources */,
				109C18D61E3D100400533970 /* MessengerTableViewController.swift in Sources */,
			);
			runOnlyForDeploymentPostprocessing = 0;
		};
/* End PBXSourcesBuildPhase section */

/* Begin PBXVariantGroup section */
		10F5EDED1E3D0DA80017CE30 /* Main.storyboard */ = {
			isa = PBXVariantGroup;
			children = (
				10F5EDEE1E3D0DA80017CE30 /* Base */,
			);
			name = Main.storyboard;
			sourceTree = "<group>";
		};
		10F5EDF21E3D0DA80017CE30 /* LaunchScreen.storyboard */ = {
			isa = PBXVariantGroup;
			children = (
				10F5EDF31E3D0DA80017CE30 /* Base */,
			);
			name = LaunchScreen.storyboard;
			sourceTree = "<group>";
		};
/* End PBXVariantGroup section */

/* Begin XCBuildConfiguration section */
		10F5EDF61E3D0DA80017CE30 /* Debug */ = {
			isa = XCBuildConfiguration;
			buildSettings = {
				ALWAYS_SEARCH_USER_PATHS = NO;
				CLANG_ANALYZER_NONNULL = YES;
				CLANG_CXX_LANGUAGE_STANDARD = "gnu++0x";
				CLANG_CXX_LIBRARY = "libc++";
				CLANG_ENABLE_MODULES = YES;
				CLANG_ENABLE_OBJC_ARC = YES;
				CLANG_WARN_BOOL_CONVERSION = YES;
				CLANG_WARN_CONSTANT_CONVERSION = YES;
				CLANG_WARN_DIRECT_OBJC_ISA_USAGE = YES_ERROR;
				CLANG_WARN_DOCUMENTATION_COMMENTS = YES;
				CLANG_WARN_EMPTY_BODY = YES;
				CLANG_WARN_ENUM_CONVERSION = YES;
				CLANG_WARN_INFINITE_RECURSION = YES;
				CLANG_WARN_INT_CONVERSION = YES;
				CLANG_WARN_OBJC_ROOT_CLASS = YES_ERROR;
				CLANG_WARN_SUSPICIOUS_MOVE = YES;
				CLANG_WARN_UNREACHABLE_CODE = YES;
				CLANG_WARN__DUPLICATE_METHOD_MATCH = YES;
				"CODE_SIGN_IDENTITY[sdk=iphoneos*]" = "iPhone Developer";
				COPY_PHASE_STRIP = NO;
				DEBUG_INFORMATION_FORMAT = dwarf;
				ENABLE_STRICT_OBJC_MSGSEND = YES;
				ENABLE_TESTABILITY = YES;
				GCC_C_LANGUAGE_STANDARD = gnu99;
				GCC_DYNAMIC_NO_PIC = NO;
				GCC_NO_COMMON_BLOCKS = YES;
				GCC_OPTIMIZATION_LEVEL = 0;
				GCC_PREPROCESSOR_DEFINITIONS = (
					"DEBUG=1",
					"$(inherited)",
				);
				GCC_WARN_64_TO_32_BIT_CONVERSION = YES;
				GCC_WARN_ABOUT_RETURN_TYPE = YES_ERROR;
				GCC_WARN_UNDECLARED_SELECTOR = YES;
				GCC_WARN_UNINITIALIZED_AUTOS = YES_AGGRESSIVE;
				GCC_WARN_UNUSED_FUNCTION = YES;
				GCC_WARN_UNUSED_VARIABLE = YES;
				IPHONEOS_DEPLOYMENT_TARGET = 10.2;
				MTL_ENABLE_DEBUG_INFO = YES;
				ONLY_ACTIVE_ARCH = YES;
				SDKROOT = iphoneos;
				SWIFT_ACTIVE_COMPILATION_CONDITIONS = DEBUG;
				SWIFT_OPTIMIZATION_LEVEL = "-Onone";
				TARGETED_DEVICE_FAMILY = "1,2";
			};
			name = Debug;
		};
		10F5EDF71E3D0DA80017CE30 /* Release */ = {
			isa = XCBuildConfiguration;
			buildSettings = {
				ALWAYS_SEARCH_USER_PATHS = NO;
				CLANG_ANALYZER_NONNULL = YES;
				CLANG_CXX_LANGUAGE_STANDARD = "gnu++0x";
				CLANG_CXX_LIBRARY = "libc++";
				CLANG_ENABLE_MODULES = YES;
				CLANG_ENABLE_OBJC_ARC = YES;
				CLANG_WARN_BOOL_CONVERSION = YES;
				CLANG_WARN_CONSTANT_CONVERSION = YES;
				CLANG_WARN_DIRECT_OBJC_ISA_USAGE = YES_ERROR;
				CLANG_WARN_DOCUMENTATION_COMMENTS = YES;
				CLANG_WARN_EMPTY_BODY = YES;
				CLANG_WARN_ENUM_CONVERSION = YES;
				CLANG_WARN_INFINITE_RECURSION = YES;
				CLANG_WARN_INT_CONVERSION = YES;
				CLANG_WARN_OBJC_ROOT_CLASS = YES_ERROR;
				CLANG_WARN_SUSPICIOUS_MOVE = YES;
				CLANG_WARN_UNREACHABLE_CODE = YES;
				CLANG_WARN__DUPLICATE_METHOD_MATCH = YES;
				"CODE_SIGN_IDENTITY[sdk=iphoneos*]" = "iPhone Developer";
				COPY_PHASE_STRIP = NO;
				DEBUG_INFORMATION_FORMAT = "dwarf-with-dsym";
				ENABLE_NS_ASSERTIONS = NO;
				ENABLE_STRICT_OBJC_MSGSEND = YES;
				GCC_C_LANGUAGE_STANDARD = gnu99;
				GCC_NO_COMMON_BLOCKS = YES;
				GCC_WARN_64_TO_32_BIT_CONVERSION = YES;
				GCC_WARN_ABOUT_RETURN_TYPE = YES_ERROR;
				GCC_WARN_UNDECLARED_SELECTOR = YES;
				GCC_WARN_UNINITIALIZED_AUTOS = YES_AGGRESSIVE;
				GCC_WARN_UNUSED_FUNCTION = YES;
				GCC_WARN_UNUSED_VARIABLE = YES;
				IPHONEOS_DEPLOYMENT_TARGET = 10.2;
				MTL_ENABLE_DEBUG_INFO = NO;
				SDKROOT = iphoneos;
				SWIFT_OPTIMIZATION_LEVEL = "-Owholemodule";
				TARGETED_DEVICE_FAMILY = "1,2";
				VALIDATE_PRODUCT = YES;
			};
			name = Release;
		};
		10F5EDF91E3D0DA80017CE30 /* Debug */ = {
			isa = XCBuildConfiguration;
			buildSettings = {
				ASSETCATALOG_COMPILER_APPICON_NAME = AppIcon;
				DEVELOPMENT_TEAM = P6Y2W9RQ54;
				INFOPLIST_FILE = FacebookMessangerUI/Info.plist;
				LD_RUNPATH_SEARCH_PATHS = "$(inherited) @executable_path/Frameworks";
				PRODUCT_BUNDLE_IDENTIFIER = Noobs.Inc.FacebookMessangerUI;
				PRODUCT_NAME = "$(TARGET_NAME)";
				SWIFT_VERSION = 3.0;
			};
			name = Debug;
		};
		10F5EDFA1E3D0DA80017CE30 /* Release */ = {
			isa = XCBuildConfiguration;
			buildSettings = {
				ASSETCATALOG_COMPILER_APPICON_NAME = AppIcon;
				DEVELOPMENT_TEAM = P6Y2W9RQ54;
				INFOPLIST_FILE = FacebookMessangerUI/Info.plist;
				LD_RUNPATH_SEARCH_PATHS = "$(inherited) @executable_path/Frameworks";
				PRODUCT_BUNDLE_IDENTIFIER = Noobs.Inc.FacebookMessangerUI;
				PRODUCT_NAME = "$(TARGET_NAME)";
				SWIFT_VERSION = 3.0;
			};
			name = Release;
		};
/* End XCBuildConfiguration section */

/* Begin XCConfigurationList section */
		10F5EDE11E3D0DA80017CE30 /* Build configuration list for PBXProject "FacebookMessangerUI" */ = {
			isa = XCConfigurationList;
			buildConfigurations = (
				10F5EDF61E3D0DA80017CE30 /* Debug */,
				10F5EDF71E3D0DA80017CE30 /* Release */,
			);
			defaultConfigurationIsVisible = 0;
			defaultConfigurationName = Release;
		};
		10F5EDF81E3D0DA80017CE30 /* Build configuration list for PBXNativeTarget "FacebookMessangerUI" */ = {
			isa = XCConfigurationList;
			buildConfigurations = (
				10F5EDF91E3D0DA80017CE30 /* Debug */,
				10F5EDFA1E3D0DA80017CE30 /* Release */,
			);
			defaultConfigurationIsVisible = 0;
			defaultConfigurationName = Release;
		};
/* End XCConfigurationList section */
	};
	rootObject = 10F5EDDE1E3D0DA80017CE30 /* Project object */;
}
