// !$*UTF8*$!
{
	archiveVersion = 1;
	classes = {
	};
	objectVersion = 46;
	objects = {

/* Begin PBXBuildFile section */
		10EF23111E33DEA900FBE0A9 /* AppDelegate.swift in Sources */ = {isa = PBXBuildFile; fileRef = 10EF23101E33DEA900FBE0A9 /* AppDelegate.swift */; };
		10EF23161E33DEA900FBE0A9 /* Main.storyboard in Resources */ = {isa = PBXBuildFile; fileRef = 10EF23141E33DEA900FBE0A9 /* Main.storyboard */; };
		10EF23181E33DEA900FBE0A9 /* Assets.xcassets in Resources */ = {isa = PBXBuildFile; fileRef = 10EF23171E33DEA900FBE0A9 /* Assets.xcassets */; };
		10EF231B1E33DEA900FBE0A9 /* LaunchScreen.storyboard in Resources */ = {isa = PBXBuildFile; fileRef = 10EF23191E33DEA900FBE0A9 /* LaunchScreen.storyboard */; };
		10EF23231E33DEE600FBE0A9 /* MyTableViewController.swift in Sources */ = {isa = PBXBuildFile; fileRef = 10EF23221E33DEE600FBE0A9 /* MyTableViewController.swift */; };
		10EF23251E33E59C00FBE0A9 /* TableViewControllerFromZero.swift in Sources */ = {isa = PBXBuildFile; fileRef = 10EF23241E33E59C00FBE0A9 /* TableViewControllerFromZero.swift */; };
		10EF23271E33E9A400FBE0A9 /* DetailsViewController.swift in Sources */ = {isa = PBXBuildFile; fileRef = 10EF23261E33E9A400FBE0A9 /* DetailsViewController.swift */; };
/* End PBXBuildFile section */

/* Begin PBXFileReference section */
		10EF230D1E33DEA900FBE0A9 /* MyTableViewApplication.app */ = {isa = PBXFileReference; explicitFileType = wrapper.application; includeInIndex = 0; path = MyTableViewApplication.app; sourceTree = BUILT_PRODUCTS_DIR; };
		10EF23101E33DEA900FBE0A9 /* AppDelegate.swift */ = {isa = PBXFileReference; lastKnownFileType = sourcecode.swift; path = AppDelegate.swift; sourceTree = "<group>"; };
		10EF23151E33DEA900FBE0A9 /* Base */ = {isa = PBXFileReference; lastKnownFileType = file.storyboard; name = Base; path = Base.lproj/Main.storyboard; sourceTree = "<group>"; };
		10EF23171E33DEA900FBE0A9 /* Assets.xcassets */ = {isa = PBXFileReference; lastKnownFileType = folder.assetcatalog; path = Assets.xcassets; sourceTree = "<group>"; };
		10EF231A1E33DEA900FBE0A9 /* Base */ = {isa = PBXFileReference; lastKnownFileType = file.storyboard; name = Base; path = Base.lproj/LaunchScreen.storyboard; sourceTree = "<group>"; };
		10EF231C1E33DEA900FBE0A9 /* Info.plist */ = {isa = PBXFileReference; lastKnownFileType = text.plist.xml; path = Info.plist; sourceTree = "<group>"; };
		10EF23221E33DEE600FBE0A9 /* MyTableViewController.swift */ = {isa = PBXFileReference; fileEncoding = 4; lastKnownFileType = sourcecode.swift; path = MyTableViewController.swift; sourceTree = "<group>"; };
		10EF23241E33E59C00FBE0A9 /* TableViewControllerFromZero.swift */ = {isa = PBXFileReference; fileEncoding = 4; lastKnownFileType = sourcecode.swift; path = TableViewControllerFromZero.swift; sourceTree = "<group>"; };
		10EF23261E33E9A400FBE0A9 /* DetailsViewController.swift */ = {isa = PBXFileReference; fileEncoding = 4; lastKnownFileType = sourcecode.swift; path = DetailsViewController.swift; sourceTree = "<group>"; };
/* End PBXFileReference section */

/* Begin PBXFrameworksBuildPhase section */
		10EF230A1E33DEA900FBE0A9 /* Frameworks */ = {
			isa = PBXFrameworksBuildPhase;
			buildActionMask = 2147483647;
			files = (
			);
			runOnlyForDeploymentPostprocessing = 0;
		};
/* End PBXFrameworksBuildPhase section */

/* Begin PBXGroup section */
		10EF23041E33DEA900FBE0A9 = {
			isa = PBXGroup;
			children = (
				10EF230F1E33DEA900FBE0A9 /* MyTableViewApplication */,
				10EF230E1E33DEA900FBE0A9 /* Products */,
			);
			sourceTree = "<group>";
		};
		10EF230E1E33DEA900FBE0A9 /* Products */ = {
			isa = PBXGroup;
			children = (
				10EF230D1E33DEA900FBE0A9 /* MyTableViewApplication.app */,
			);
			name = Products;
			sourceTree = "<group>";
		};
		10EF230F1E33DEA900FBE0A9 /* MyTableViewApplication */ = {
			isa = PBXGroup;
			children = (
				10EF23101E33DEA900FBE0A9 /* AppDelegate.swift */,
				10EF23141E33DEA900FBE0A9 /* Main.storyboard */,
				10EF23221E33DEE600FBE0A9 /* MyTableViewController.swift */,
				10EF23261E33E9A400FBE0A9 /* DetailsViewController.swift */,
				10EF23241E33E59C00FBE0A9 /* TableViewControllerFromZero.swift */,
				10EF23171E33DEA900FBE0A9 /* Assets.xcassets */,
				10EF23191E33DEA900FBE0A9 /* LaunchScreen.storyboard */,
				10EF231C1E33DEA900FBE0A9 /* Info.plist */,
			);
			path = MyTableViewApplication;
			sourceTree = "<group>";
		};
/* End PBXGroup section */

/* Begin PBXNativeTarget section */
		10EF230C1E33DEA900FBE0A9 /* MyTableViewApplication */ = {
			isa = PBXNativeTarget;
			buildConfigurationList = 10EF231F1E33DEA900FBE0A9 /* Build configuration list for PBXNativeTarget "MyTableViewApplication" */;
			buildPhases = (
				10EF23091E33DEA900FBE0A9 /* Sources */,
				10EF230A1E33DEA900FBE0A9 /* Frameworks */,
				10EF230B1E33DEA900FBE0A9 /* Resources */,
			);
			buildRules = (
			);
			dependencies = (
			);
			name = MyTableViewApplication;
			productName = MyTableViewApplication;
			productReference = 10EF230D1E33DEA900FBE0A9 /* MyTableViewApplication.app */;
			productType = "com.apple.product-type.application";
		};
/* End PBXNativeTarget section */

/* Begin PBXProject section */
		10EF23051E33DEA900FBE0A9 /* Project object */ = {
			isa = PBXProject;
			attributes = {
				LastSwiftUpdateCheck = 0820;
				LastUpgradeCheck = 0820;
				ORGANIZATIONNAME = "Martin Kuvandzhiev";
				TargetAttributes = {
					10EF230C1E33DEA900FBE0A9 = {
						CreatedOnToolsVersion = 8.2.1;
						DevelopmentTeam = P6Y2W9RQ54;
						ProvisioningStyle = Automatic;
					};
				};
			};
			buildConfigurationList = 10EF23081E33DEA900FBE0A9 /* Build configuration list for PBXProject "MyTableViewApplication" */;
			compatibilityVersion = "Xcode 3.2";
			developmentRegion = English;
			hasScannedForEncodings = 0;
			knownRegions = (
				en,
				Base,
			);
			mainGroup = 10EF23041E33DEA900FBE0A9;
			productRefGroup = 10EF230E1E33DEA900FBE0A9 /* Products */;
			projectDirPath = "";
			projectRoot = "";
			targets = (
				10EF230C1E33DEA900FBE0A9 /* MyTableViewApplication */,
			);
		};
/* End PBXProject section */

/* Begin PBXResourcesBuildPhase section */
		10EF230B1E33DEA900FBE0A9 /* Resources */ = {
			isa = PBXResourcesBuildPhase;
			buildActionMask = 2147483647;
			files = (
				10EF231B1E33DEA900FBE0A9 /* LaunchScreen.storyboard in Resources */,
				10EF23181E33DEA900FBE0A9 /* Assets.xcassets in Resources */,
				10EF23161E33DEA900FBE0A9 /* Main.storyboard in Resources */,
			);
			runOnlyForDeploymentPostprocessing = 0;
		};
/* End PBXResourcesBuildPhase section */

/* Begin PBXSourcesBuildPhase section */
		10EF23091E33DEA900FBE0A9 /* Sources */ = {
			isa = PBXSourcesBuildPhase;
			buildActionMask = 2147483647;
			files = (
				10EF23111E33DEA900FBE0A9 /* AppDelegate.swift in Sources */,
				10EF23251E33E59C00FBE0A9 /* TableViewControllerFromZero.swift in Sources */,
				10EF23231E33DEE600FBE0A9 /* MyTableViewController.swift in Sources */,
				10EF23271E33E9A400FBE0A9 /* DetailsViewController.swift in Sources */,
			);
			runOnlyForDeploymentPostprocessing = 0;
		};
/* End PBXSourcesBuildPhase section */

/* Begin PBXVariantGroup section */
		10EF23141E33DEA900FBE0A9 /* Main.storyboard */ = {
			isa = PBXVariantGroup;
			children = (
				10EF23151E33DEA900FBE0A9 /* Base */,
			);
			name = Main.storyboard;
			sourceTree = "<group>";
		};
		10EF23191E33DEA900FBE0A9 /* LaunchScreen.storyboard */ = {
			isa = PBXVariantGroup;
			children = (
				10EF231A1E33DEA900FBE0A9 /* Base */,
			);
			name = LaunchScreen.storyboard;
			sourceTree = "<group>";
		};
/* End PBXVariantGroup section */

/* Begin XCBuildConfiguration section */
		10EF231D1E33DEA900FBE0A9 /* Debug */ = {
			isa = XCBuildConfiguration;
			buildSettings = {
				ALWAYS_SEARCH_USER_PATHS = NO;
				CLANG_ANALYZER_NONNULL = YES;
				CLANG_CXX_LANGUAGE_STANDARD = "gnu++0x";
				CLANG_CXX_LIBRARY = "libc++";
				CLANG_ENABLE_MODULES = YES;
				CLANG_ENABLE_OBJC_ARC = YES;
				CLANG_WARN_BOOL_CONVERSION = YES;
				CLANG_WARN_CONSTANT_CONVERSION = YES;
				CLANG_WARN_DIRECT_OBJC_ISA_USAGE = YES_ERROR;
				CLANG_WARN_DOCUMENTATION_COMMENTS = YES;
				CLANG_WARN_EMPTY_BODY = YES;
				CLANG_WARN_ENUM_CONVERSION = YES;
				CLANG_WARN_INFINITE_RECURSION = YES;
				CLANG_WARN_INT_CONVERSION = YES;
				CLANG_WARN_OBJC_ROOT_CLASS = YES_ERROR;
				CLANG_WARN_SUSPICIOUS_MOVE = YES;
				CLANG_WARN_UNREACHABLE_CODE = YES;
				CLANG_WARN__DUPLICATE_METHOD_MATCH = YES;
				"CODE_SIGN_IDENTITY[sdk=iphoneos*]" = "iPhone Developer";
				COPY_PHASE_STRIP = NO;
				DEBUG_INFORMATION_FORMAT = dwarf;
				ENABLE_STRICT_OBJC_MSGSEND = YES;
				ENABLE_TESTABILITY = YES;
				GCC_C_LANGUAGE_STANDARD = gnu99;
				GCC_DYNAMIC_NO_PIC = NO;
				GCC_NO_COMMON_BLOCKS = YES;
				GCC_OPTIMIZATION_LEVEL = 0;
				GCC_PREPROCESSOR_DEFINITIONS = (
					"DEBUG=1",
					"$(inherited)",
				);
				GCC_WARN_64_TO_32_BIT_CONVERSION = YES;
				GCC_WARN_ABOUT_RETURN_TYPE = YES_ERROR;
				GCC_WARN_UNDECLARED_SELECTOR = YES;
				GCC_WARN_UNINITIALIZED_AUTOS = YES_AGGRESSIVE;
				GCC_WARN_UNUSED_FUNCTION = YES;
				GCC_WARN_UNUSED_VARIABLE = YES;
				IPHONEOS_DEPLOYMENT_TARGET = 10.2;
				MTL_ENABLE_DEBUG_INFO = YES;
				ONLY_ACTIVE_ARCH = YES;
				SDKROOT = iphoneos;
				SWIFT_ACTIVE_COMPILATION_CONDITIONS = DEBUG;
				SWIFT_OPTIMIZATION_LEVEL = "-Onone";
				TARGETED_DEVICE_FAMILY = "1,2";
			};
			name = Debug;
		};
		10EF231E1E33DEA900FBE0A9 /* Release */ = {
			isa = XCBuildConfiguration;
			buildSettings = {
				ALWAYS_SEARCH_USER_PATHS = NO;
				CLANG_ANALYZER_NONNULL = YES;
				CLANG_CXX_LANGUAGE_STANDARD = "gnu++0x";
				CLANG_CXX_LIBRARY = "libc++";
				CLANG_ENABLE_MODULES = YES;
				CLANG_ENABLE_OBJC_ARC = YES;
				CLANG_WARN_BOOL_CONVERSION = YES;
				CLANG_WARN_CONSTANT_CONVERSION = YES;
				CLANG_WARN_DIRECT_OBJC_ISA_USAGE = YES_ERROR;
				CLANG_WARN_DOCUMENTATION_COMMENTS = YES;
				CLANG_WARN_EMPTY_BODY = YES;
				CLANG_WARN_ENUM_CONVERSION = YES;
				CLANG_WARN_INFINITE_RECURSION = YES;
				CLANG_WARN_INT_CONVERSION = YES;
				CLANG_WARN_OBJC_ROOT_CLASS = YES_ERROR;
				CLANG_WARN_SUSPICIOUS_MOVE = YES;
				CLANG_WARN_UNREACHABLE_CODE = YES;
				CLANG_WARN__DUPLICATE_METHOD_MATCH = YES;
				"CODE_SIGN_IDENTITY[sdk=iphoneos*]" = "iPhone Developer";
				COPY_PHASE_STRIP = NO;
				DEBUG_INFORMATION_FORMAT = "dwarf-with-dsym";
				ENABLE_NS_ASSERTIONS = NO;
				ENABLE_STRICT_OBJC_MSGSEND = YES;
				GCC_C_LANGUAGE_STANDARD = gnu99;
				GCC_NO_COMMON_BLOCKS = YES;
				GCC_WARN_64_TO_32_BIT_CONVERSION = YES;
				GCC_WARN_ABOUT_RETURN_TYPE = YES_ERROR;
				GCC_WARN_UNDECLARED_SELECTOR = YES;
				GCC_WARN_UNINITIALIZED_AUTOS = YES_AGGRESSIVE;
				GCC_WARN_UNUSED_FUNCTION = YES;
				GCC_WARN_UNUSED_VARIABLE = YES;
				IPHONEOS_DEPLOYMENT_TARGET = 10.2;
				MTL_ENABLE_DEBUG_INFO = NO;
				SDKROOT = iphoneos;
				SWIFT_OPTIMIZATION_LEVEL = "-Owholemodule";
				TARGETED_DEVICE_FAMILY = "1,2";
				VALIDATE_PRODUCT = YES;
			};
			name = Release;
		};
		10EF23201E33DEA900FBE0A9 /* Debug */ = {
			isa = XCBuildConfiguration;
			buildSettings = {
				ASSETCATALOG_COMPILER_APPICON_NAME = AppIcon;
				DEVELOPMENT_TEAM = P6Y2W9RQ54;
				INFOPLIST_FILE = MyTableViewApplication/Info.plist;
				LD_RUNPATH_SEARCH_PATHS = "$(inherited) @executable_path/Frameworks";
				PRODUCT_BUNDLE_IDENTIFIER = Noobs.Inc.MyTableViewApplication;
				PRODUCT_NAME = "$(TARGET_NAME)";
				SWIFT_VERSION = 3.0;
			};
			name = Debug;
		};
		10EF23211E33DEA900FBE0A9 /* Release */ = {
			isa = XCBuildConfiguration;
			buildSettings = {
				ASSETCATALOG_COMPILER_APPICON_NAME = AppIcon;
				DEVELOPMENT_TEAM = P6Y2W9RQ54;
				INFOPLIST_FILE = MyTableViewApplication/Info.plist;
				LD_RUNPATH_SEARCH_PATHS = "$(inherited) @executable_path/Frameworks";
				PRODUCT_BUNDLE_IDENTIFIER = Noobs.Inc.MyTableViewApplication;
				PRODUCT_NAME = "$(TARGET_NAME)";
				SWIFT_VERSION = 3.0;
			};
			name = Release;
		};
/* End XCBuildConfiguration section */

/* Begin XCConfigurationList section */
		10EF23081E33DEA900FBE0A9 /* Build configuration list for PBXProject "MyTableViewApplication" */ = {
			isa = XCConfigurationList;
			buildConfigurations = (
				10EF231D1E33DEA900FBE0A9 /* Debug */,
				10EF231E1E33DEA900FBE0A9 /* Release */,
			);
			defaultConfigurationIsVisible = 0;
			defaultConfigurationName = Release;
		};
		10EF231F1E33DEA900FBE0A9 /* Build configuration list for PBXNativeTarget "MyTableViewApplication" */ = {
			isa = XCConfigurationList;
			buildConfigurations = (
				10EF23201E33DEA900FBE0A9 /* Debug */,
				10EF23211E33DEA900FBE0A9 /* Release */,
			);
			defaultConfigurationIsVisible = 0;
		};
/* End XCConfigurationList section */
	};
	rootObject = 10EF23051E33DEA900FBE0A9 /* Project object */;
}
